
Microsoft Visual Studio Solution File, Format Version 12.00
# Visual Studio 15
VisualStudioVersion = 15.0.26228.9
MinimumVisualStudioVersion = 10.0.40219.1
Project("{FAE04EC0-301F-11D3-BF4B-00C04F79EFBC}") = "NoobAudio", "NoobAudio\NoobAudio.csproj", "{259BDB15-0E5D-41C7-A5DE-CDA9F261D55F}"
EndProject
Project("{FAE04EC0-301F-11D3-BF4B-00C04F79EFBC}") = "NoobAudio_Windows", "NoobAudio_Windows\NoobAudio_Windows.csproj", "{A5F0A810-BB2B-4732-8FA9-CD99386A53EC}"
EndProject
Project("{FAE04EC0-301F-11D3-BF4B-00C04F79EFBC}") = "DebugFX", "DebugFX\DebugFX.csproj", "{9D335174-EDE9-451B-B86C-D39D9E41D6C5}"
EndProject
Global
	GlobalSection(SolutionConfigurationPlatforms) = preSolution
		Debug|Any CPU = Debug|Any CPU
		Release|Any CPU = Release|Any CPU
	EndGlobalSection
	GlobalSection(ProjectConfigurationPlatforms) = postSolution
		{259BDB15-0E5D-41C7-A5DE-CDA9F261D55F}.Debug|Any CPU.ActiveCfg = Debug|Any CPU
		{259BDB15-0E5D-41C7-A5DE-CDA9F261D55F}.Debug|Any CPU.Build.0 = Debug|Any CPU
		{259BDB15-0E5D-41C7-A5DE-CDA9F261D55F}.Release|Any CPU.ActiveCfg = Release|Any CPU
		{259BDB15-0E5D-41C7-A5DE-CDA9F261D55F}.Release|Any CPU.Build.0 = Release|Any CPU
		{A5F0A810-BB2B-4732-8FA9-CD99386A53EC}.Debug|Any CPU.ActiveCfg = Debug|Any CPU
		{A5F0A810-BB2B-4732-8FA9-CD99386A53EC}.Debug|Any CPU.Build.0 = Debug|Any CPU
		{A5F0A810-BB2B-4732-8FA9-CD99386A53EC}.Release|Any CPU.ActiveCfg = Release|Any CPU
		{A5F0A810-BB2B-4732-8FA9-CD99386A53EC}.Release|Any CPU.Build.0 = Release|Any CPU
		{9D335174-EDE9-451B-B86C-D39D9E41D6C5}.Debug|Any CPU.ActiveCfg = Debug|Any CPU
		{9D335174-EDE9-451B-B86C-D39D9E41D6C5}.Debug|Any CPU.Build.0 = Debug|Any CPU
		{9D335174-EDE9-451B-B86C-D39D9E41D6C5}.Release|Any CPU.ActiveCfg = Release|Any CPU
		{9D335174-EDE9-451B-B86C-D39D9E41D6C5}.Release|Any CPU.Build.0 = Release|Any CPU
	EndGlobalSection
	GlobalSection(SolutionProperties) = preSolution
		HideSolutionNode = FALSE
	EndGlobalSection
EndGlobal
